// !$*UTF8*$!
{
	archiveVersion = 1;
	classes = {
	};
	objectVersion = 55;
	objects = {

/* Begin PBXBuildFile section */
		9883233127B8A2A90052859D /* FinalFoodiesApp.swift in Sources */ = {isa = PBXBuildFile; fileRef = 9883233027B8A2A90052859D /* FinalFoodiesApp.swift */; };
		9883233327B8A2A90052859D /* ContentView.swift in Sources */ = {isa = PBXBuildFile; fileRef = 9883233227B8A2A90052859D /* ContentView.swift */; };
		9883233527B8A2A90052859D /* Assets.xcassets in Resources */ = {isa = PBXBuildFile; fileRef = 9883233427B8A2A90052859D /* Assets.xcassets */; };
		9883233827B8A2A90052859D /* Preview Assets.xcassets in Resources */ = {isa = PBXBuildFile; fileRef = 9883233727B8A2A90052859D /* Preview Assets.xcassets */; };
		9883234227B8A2A90052859D /* FinalFoodiesTests.swift in Sources */ = {isa = PBXBuildFile; fileRef = 9883234127B8A2A90052859D /* FinalFoodiesTests.swift */; };
		9883234C27B8A2A90052859D /* FinalFoodiesUITests.swift in Sources */ = {isa = PBXBuildFile; fileRef = 9883234B27B8A2A90052859D /* FinalFoodiesUITests.swift */; };
		9883234E27B8A2A90052859D /* FinalFoodiesUITestsLaunchTests.swift in Sources */ = {isa = PBXBuildFile; fileRef = 9883234D27B8A2A90052859D /* FinalFoodiesUITestsLaunchTests.swift */; };
		9883235B27B8A2C30052859D /* LoginView.swift in Sources */ = {isa = PBXBuildFile; fileRef = 9883235A27B8A2C30052859D /* LoginView.swift */; };
		9883235D27B8A3330052859D /* AuthView.swift in Sources */ = {isa = PBXBuildFile; fileRef = 9883235C27B8A3330052859D /* AuthView.swift */; };
		9883235F27B8A39C0052859D /* SignUpView.swift in Sources */ = {isa = PBXBuildFile; fileRef = 9883235E27B8A39C0052859D /* SignUpView.swift */; };
		9883236227B8A4130052859D /* HomePage.swift in Sources */ = {isa = PBXBuildFile; fileRef = 9883236127B8A4130052859D /* HomePage.swift */; };
		9883236427B8A51C0052859D /* DetailsPage.swift in Sources */ = {isa = PBXBuildFile; fileRef = 9883236327B8A51C0052859D /* DetailsPage.swift */; };
		9883236527B8A51C0052859D /* DetailsPage.swift in Sources */ = {isa = PBXBuildFile; fileRef = 9883236327B8A51C0052859D /* DetailsPage.swift */; };
		9883236627B8A51C0052859D /* DetailsPage.swift in Sources */ = {isa = PBXBuildFile; fileRef = 9883236327B8A51C0052859D /* DetailsPage.swift */; };
		9883236827B8A59A0052859D /* NointernetView.swift in Sources */ = {isa = PBXBuildFile; fileRef = 9883236727B8A59A0052859D /* NointernetView.swift */; };
		9883236927B8A59A0052859D /* NointernetView.swift in Sources */ = {isa = PBXBuildFile; fileRef = 9883236727B8A59A0052859D /* NointernetView.swift */; };
		9883236A27B8A59A0052859D /* NointernetView.swift in Sources */ = {isa = PBXBuildFile; fileRef = 9883236727B8A59A0052859D /* NointernetView.swift */; };
		9883236C27B999220052859D /* SettingsView.swift in Sources */ = {isa = PBXBuildFile; fileRef = 9883236B27B999220052859D /* SettingsView.swift */; };
		9883236D27B999220052859D /* SettingsView.swift in Sources */ = {isa = PBXBuildFile; fileRef = 9883236B27B999220052859D /* SettingsView.swift */; };
		9883236E27B999220052859D /* SettingsView.swift in Sources */ = {isa = PBXBuildFile; fileRef = 9883236B27B999220052859D /* SettingsView.swift */; };
		9883237027B999D00052859D /* AlertView.swift in Sources */ = {isa = PBXBuildFile; fileRef = 9883236F27B999D00052859D /* AlertView.swift */; };
		9883237127B999D00052859D /* AlertView.swift in Sources */ = {isa = PBXBuildFile; fileRef = 9883236F27B999D00052859D /* AlertView.swift */; };
		9883237227B999D00052859D /* AlertView.swift in Sources */ = {isa = PBXBuildFile; fileRef = 9883236F27B999D00052859D /* AlertView.swift */; };
		9883237727C474A60052859D /* SearchResultsView.swift in Sources */ = {isa = PBXBuildFile; fileRef = 9883237627C474A60052859D /* SearchResultsView.swift */; };
		9883237827C474A60052859D /* SearchResultsView.swift in Sources */ = {isa = PBXBuildFile; fileRef = 9883237627C474A60052859D /* SearchResultsView.swift */; };
		9883237927C474A60052859D /* SearchResultsView.swift in Sources */ = {isa = PBXBuildFile; fileRef = 9883237627C474A60052859D /* SearchResultsView.swift */; };
		9883237B27C571870052859D /* FavoritesResultsView.swift in Sources */ = {isa = PBXBuildFile; fileRef = 9883237A27C571870052859D /* FavoritesResultsView.swift */; };
		9883237C27C571870052859D /* FavoritesResultsView.swift in Sources */ = {isa = PBXBuildFile; fileRef = 9883237A27C571870052859D /* FavoritesResultsView.swift */; };
		9883237D27C571870052859D /* FavoritesResultsView.swift in Sources */ = {isa = PBXBuildFile; fileRef = 9883237A27C571870052859D /* FavoritesResultsView.swift */; };
		9883237F27C572D30052859D /* NoSearchResultsView.swift in Sources */ = {isa = PBXBuildFile; fileRef = 9883237E27C572D30052859D /* NoSearchResultsView.swift */; };
		9883238027C572D30052859D /* NoSearchResultsView.swift in Sources */ = {isa = PBXBuildFile; fileRef = 9883237E27C572D30052859D /* NoSearchResultsView.swift */; };
		9883238127C572D30052859D /* NoSearchResultsView.swift in Sources */ = {isa = PBXBuildFile; fileRef = 9883237E27C572D30052859D /* NoSearchResultsView.swift */; };
/* End PBXBuildFile section */

/* Begin PBXContainerItemProxy section */
		9883233E27B8A2A90052859D /* PBXContainerItemProxy */ = {
			isa = PBXContainerItemProxy;
			containerPortal = 9883232527B8A2A90052859D /* Project object */;
			proxyType = 1;
			remoteGlobalIDString = 9883232C27B8A2A90052859D;
			remoteInfo = FinalFoodies;
		};
		9883234827B8A2A90052859D /* PBXContainerItemProxy */ = {
			isa = PBXContainerItemProxy;
			containerPortal = 9883232527B8A2A90052859D /* Project object */;
			proxyType = 1;
			remoteGlobalIDString = 9883232C27B8A2A90052859D;
			remoteInfo = FinalFoodies;
		};
/* End PBXContainerItemProxy section */

/* Begin PBXFileReference section */
		9883232D27B8A2A90052859D /* FinalFoodies.app */ = {isa = PBXFileReference; explicitFileType = wrapper.application; includeInIndex = 0; path = FinalFoodies.app; sourceTree = BUILT_PRODUCTS_DIR; };
		9883233027B8A2A90052859D /* FinalFoodiesApp.swift */ = {isa = PBXFileReference; lastKnownFileType = sourcecode.swift; path = FinalFoodiesApp.swift; sourceTree = "<group>"; };
		9883233227B8A2A90052859D /* ContentView.swift */ = {isa = PBXFileReference; lastKnownFileType = sourcecode.swift; path = ContentView.swift; sourceTree = "<group>"; };
		9883233427B8A2A90052859D /* Assets.xcassets */ = {isa = PBXFileReference; lastKnownFileType = folder.assetcatalog; path = Assets.xcassets; sourceTree = "<group>"; };
		9883233727B8A2A90052859D /* Preview Assets.xcassets */ = {isa = PBXFileReference; lastKnownFileType = folder.assetcatalog; path = "Preview Assets.xcassets"; sourceTree = "<group>"; };
		9883233D27B8A2A90052859D /* FinalFoodiesTests.xctest */ = {isa = PBXFileReference; explicitFileType = wrapper.cfbundle; includeInIndex = 0; path = FinalFoodiesTests.xctest; sourceTree = BUILT_PRODUCTS_DIR; };
		9883234127B8A2A90052859D /* FinalFoodiesTests.swift */ = {isa = PBXFileReference; lastKnownFileType = sourcecode.swift; path = FinalFoodiesTests.swift; sourceTree = "<group>"; };
		9883234727B8A2A90052859D /* FinalFoodiesUITests.xctest */ = {isa = PBXFileReference; explicitFileType = wrapper.cfbundle; includeInIndex = 0; path = FinalFoodiesUITests.xctest; sourceTree = BUILT_PRODUCTS_DIR; };
		9883234B27B8A2A90052859D /* FinalFoodiesUITests.swift */ = {isa = PBXFileReference; lastKnownFileType = sourcecode.swift; path = FinalFoodiesUITests.swift; sourceTree = "<group>"; };
		9883234D27B8A2A90052859D /* FinalFoodiesUITestsLaunchTests.swift */ = {isa = PBXFileReference; lastKnownFileType = sourcecode.swift; path = FinalFoodiesUITestsLaunchTests.swift; sourceTree = "<group>"; };
		9883235A27B8A2C30052859D /* LoginView.swift */ = {isa = PBXFileReference; lastKnownFileType = sourcecode.swift; path = LoginView.swift; sourceTree = "<group>"; };
		9883235C27B8A3330052859D /* AuthView.swift */ = {isa = PBXFileReference; lastKnownFileType = sourcecode.swift; path = AuthView.swift; sourceTree = "<group>"; };
		9883235E27B8A39C0052859D /* SignUpView.swift */ = {isa = PBXFileReference; lastKnownFileType = sourcecode.swift; path = SignUpView.swift; sourceTree = "<group>"; };
		9883236127B8A4130052859D /* HomePage.swift */ = {isa = PBXFileReference; lastKnownFileType = sourcecode.swift; path = HomePage.swift; sourceTree = "<group>"; };
		9883236327B8A51C0052859D /* DetailsPage.swift */ = {isa = PBXFileReference; lastKnownFileType = sourcecode.swift; path = DetailsPage.swift; sourceTree = "<group>"; };
		9883236727B8A59A0052859D /* NointernetView.swift */ = {isa = PBXFileReference; lastKnownFileType = sourcecode.swift; path = NointernetView.swift; sourceTree = "<group>"; };
		9883236B27B999220052859D /* SettingsView.swift */ = {isa = PBXFileReference; lastKnownFileType = sourcecode.swift; path = SettingsView.swift; sourceTree = "<group>"; };
		9883236F27B999D00052859D /* AlertView.swift */ = {isa = PBXFileReference; lastKnownFileType = sourcecode.swift; path = AlertView.swift; sourceTree = "<group>"; };
		9883237627C474A60052859D /* SearchResultsView.swift */ = {isa = PBXFileReference; lastKnownFileType = sourcecode.swift; path = SearchResultsView.swift; sourceTree = "<group>"; };
		9883237A27C571870052859D /* FavoritesResultsView.swift */ = {isa = PBXFileReference; lastKnownFileType = sourcecode.swift; path = FavoritesResultsView.swift; sourceTree = "<group>"; };
		9883237E27C572D30052859D /* NoSearchResultsView.swift */ = {isa = PBXFileReference; lastKnownFileType = sourcecode.swift; path = NoSearchResultsView.swift; sourceTree = "<group>"; };
/* End PBXFileReference section */

/* Begin PBXFrameworksBuildPhase section */
		9883232A27B8A2A90052859D /* Frameworks */ = {
			isa = PBXFrameworksBuildPhase;
			buildActionMask = 2147483647;
			files = (
			);
			runOnlyForDeploymentPostprocessing = 0;
		};
		9883233A27B8A2A90052859D /* Frameworks */ = {
			isa = PBXFrameworksBuildPhase;
			buildActionMask = 2147483647;
			files = (
			);
			runOnlyForDeploymentPostprocessing = 0;
		};
		9883234427B8A2A90052859D /* Frameworks */ = {
			isa = PBXFrameworksBuildPhase;
			buildActionMask = 2147483647;
			files = (
			);
			runOnlyForDeploymentPostprocessing = 0;
		};
/* End PBXFrameworksBuildPhase section */

/* Begin PBXGroup section */
		9883232427B8A2A90052859D = {
			isa = PBXGroup;
			children = (
				9883232F27B8A2A90052859D /* FinalFoodies */,
				9883234027B8A2A90052859D /* FinalFoodiesTests */,
				9883234A27B8A2A90052859D /* FinalFoodiesUITests */,
				9883232E27B8A2A90052859D /* Products */,
			);
			sourceTree = "<group>";
		};
		9883232E27B8A2A90052859D /* Products */ = {
			isa = PBXGroup;
			children = (
				9883232D27B8A2A90052859D /* FinalFoodies.app */,
				9883233D27B8A2A90052859D /* FinalFoodiesTests.xctest */,
				9883234727B8A2A90052859D /* FinalFoodiesUITests.xctest */,
			);
			name = Products;
			sourceTree = "<group>";
		};
		9883232F27B8A2A90052859D /* FinalFoodies */ = {
			isa = PBXGroup;
			children = (
				9883233027B8A2A90052859D /* FinalFoodiesApp.swift */,
				9883233227B8A2A90052859D /* ContentView.swift */,
				9883233427B8A2A90052859D /* Assets.xcassets */,
				9883233627B8A2A90052859D /* Preview Content */,
				9883237327C1F9580052859D /* Views */,
			);
			path = FinalFoodies;
			sourceTree = "<group>";
		};
		9883233627B8A2A90052859D /* Preview Content */ = {
			isa = PBXGroup;
			children = (
				9883233727B8A2A90052859D /* Preview Assets.xcassets */,
			);
			path = "Preview Content";
			sourceTree = "<group>";
		};
		9883234027B8A2A90052859D /* FinalFoodiesTests */ = {
			isa = PBXGroup;
			children = (
				9883234127B8A2A90052859D /* FinalFoodiesTests.swift */,
			);
			path = FinalFoodiesTests;
			sourceTree = "<group>";
		};
		9883234A27B8A2A90052859D /* FinalFoodiesUITests */ = {
			isa = PBXGroup;
			children = (
				9883234B27B8A2A90052859D /* FinalFoodiesUITests.swift */,
				9883234D27B8A2A90052859D /* FinalFoodiesUITestsLaunchTests.swift */,
			);
			path = FinalFoodiesUITests;
			sourceTree = "<group>";
		};
		9883236027B8A3F50052859D /* Authentication */ = {
			isa = PBXGroup;
			children = (
				9883235A27B8A2C30052859D /* LoginView.swift */,
				9883235C27B8A3330052859D /* AuthView.swift */,
				9883235E27B8A39C0052859D /* SignUpView.swift */,
			);
			path = Authentication;
			sourceTree = "<group>";
		};
		9883237327C1F9580052859D /* Views */ = {
			isa = PBXGroup;
			children = (
				9883236027B8A3F50052859D /* Authentication */,
				9883237427C1F97A0052859D /* MainScreens */,
				9883237527C1F9890052859D /* Alerts */,
			);
			path = Views;
			sourceTree = "<group>";
		};
		9883237427C1F97A0052859D /* MainScreens */ = {
			isa = PBXGroup;
			children = (
				9883236127B8A4130052859D /* HomePage.swift */,
				9883236327B8A51C0052859D /* DetailsPage.swift */,
				9883236B27B999220052859D /* SettingsView.swift */,
				9883237627C474A60052859D /* SearchResultsView.swift */,
				9883237A27C571870052859D /* FavoritesResultsView.swift */,
			);
			path = MainScreens;
			sourceTree = "<group>";
		};
		9883237527C1F9890052859D /* Alerts */ = {
			isa = PBXGroup;
			children = (
				9883236727B8A59A0052859D /* NointernetView.swift */,
				9883236F27B999D00052859D /* AlertView.swift */,
				9883237E27C572D30052859D /* NoSearchResultsView.swift */,
			);
			path = Alerts;
			sourceTree = "<group>";
		};
/* End PBXGroup section */

/* Begin PBXNativeTarget section */
		9883232C27B8A2A90052859D /* FinalFoodies */ = {
			isa = PBXNativeTarget;
			buildConfigurationList = 9883235127B8A2A90052859D /* Build configuration list for PBXNativeTarget "FinalFoodies" */;
			buildPhases = (
				9883232927B8A2A90052859D /* Sources */,
				9883232A27B8A2A90052859D /* Frameworks */,
				9883232B27B8A2A90052859D /* Resources */,
			);
			buildRules = (
			);
			dependencies = (
			);
			name = FinalFoodies;
			productName = FinalFoodies;
			productReference = 9883232D27B8A2A90052859D /* FinalFoodies.app */;
			productType = "com.apple.product-type.application";
		};
		9883233C27B8A2A90052859D /* FinalFoodiesTests */ = {
			isa = PBXNativeTarget;
			buildConfigurationList = 9883235427B8A2A90052859D /* Build configuration list for PBXNativeTarget "FinalFoodiesTests" */;
			buildPhases = (
				9883233927B8A2A90052859D /* Sources */,
				9883233A27B8A2A90052859D /* Frameworks */,
				9883233B27B8A2A90052859D /* Resources */,
			);
			buildRules = (
			);
			dependencies = (
				9883233F27B8A2A90052859D /* PBXTargetDependency */,
			);
			name = FinalFoodiesTests;
			productName = FinalFoodiesTests;
			productReference = 9883233D27B8A2A90052859D /* FinalFoodiesTests.xctest */;
			productType = "com.apple.product-type.bundle.unit-test";
		};
		9883234627B8A2A90052859D /* FinalFoodiesUITests */ = {
			isa = PBXNativeTarget;
			buildConfigurationList = 9883235727B8A2A90052859D /* Build configuration list for PBXNativeTarget "FinalFoodiesUITests" */;
			buildPhases = (
				9883234327B8A2A90052859D /* Sources */,
				9883234427B8A2A90052859D /* Frameworks */,
				9883234527B8A2A90052859D /* Resources */,
			);
			buildRules = (
			);
			dependencies = (
				9883234927B8A2A90052859D /* PBXTargetDependency */,
			);
			name = FinalFoodiesUITests;
			productName = FinalFoodiesUITests;
			productReference = 9883234727B8A2A90052859D /* FinalFoodiesUITests.xctest */;
			productType = "com.apple.product-type.bundle.ui-testing";
		};
/* End PBXNativeTarget section */

/* Begin PBXProject section */
		9883232527B8A2A90052859D /* Project object */ = {
			isa = PBXProject;
			attributes = {
				BuildIndependentTargetsInParallel = 1;
				LastSwiftUpdateCheck = 1320;
				LastUpgradeCheck = 1320;
				TargetAttributes = {
					9883232C27B8A2A90052859D = {
						CreatedOnToolsVersion = 13.2.1;
					};
					9883233C27B8A2A90052859D = {
						CreatedOnToolsVersion = 13.2.1;
						TestTargetID = 9883232C27B8A2A90052859D;
					};
					9883234627B8A2A90052859D = {
						CreatedOnToolsVersion = 13.2.1;
						TestTargetID = 9883232C27B8A2A90052859D;
					};
				};
			};
			buildConfigurationList = 9883232827B8A2A90052859D /* Build configuration list for PBXProject "FinalFoodies" */;
			compatibilityVersion = "Xcode 13.0";
			developmentRegion = en;
			hasScannedForEncodings = 0;
			knownRegions = (
				en,
				Base,
			);
			mainGroup = 9883232427B8A2A90052859D;
			productRefGroup = 9883232E27B8A2A90052859D /* Products */;
			projectDirPath = "";
			projectRoot = "";
			targets = (
				9883232C27B8A2A90052859D /* FinalFoodies */,
				9883233C27B8A2A90052859D /* FinalFoodiesTests */,
				9883234627B8A2A90052859D /* FinalFoodiesUITests */,
			);
		};
/* End PBXProject section */

/* Begin PBXResourcesBuildPhase section */
		9883232B27B8A2A90052859D /* Resources */ = {
			isa = PBXResourcesBuildPhase;
			buildActionMask = 2147483647;
			files = (
				9883233827B8A2A90052859D /* Preview Assets.xcassets in Resources */,
				9883233527B8A2A90052859D /* Assets.xcassets in Resources */,
			);
			runOnlyForDeploymentPostprocessing = 0;
		};
		9883233B27B8A2A90052859D /* Resources */ = {
			isa = PBXResourcesBuildPhase;
			buildActionMask = 2147483647;
			files = (
			);
			runOnlyForDeploymentPostprocessing = 0;
		};
		9883234527B8A2A90052859D /* Resources */ = {
			isa = PBXResourcesBuildPhase;
			buildActionMask = 2147483647;
			files = (
			);
			runOnlyForDeploymentPostprocessing = 0;
		};
/* End PBXResourcesBuildPhase section */

/* Begin PBXSourcesBuildPhase section */
		9883232927B8A2A90052859D /* Sources */ = {
			isa = PBXSourcesBuildPhase;
			buildActionMask = 2147483647;
			files = (
				9883236827B8A59A0052859D /* NointernetView.swift in Sources */,
				9883235B27B8A2C30052859D /* LoginView.swift in Sources */,
				9883236227B8A4130052859D /* HomePage.swift in Sources */,
				9883236C27B999220052859D /* SettingsView.swift in Sources */,
				9883235F27B8A39C0052859D /* SignUpView.swift in Sources */,
				9883237B27C571870052859D /* FavoritesResultsView.swift in Sources */,
				9883237027B999D00052859D /* AlertView.swift in Sources */,
				9883233327B8A2A90052859D /* ContentView.swift in Sources */,
				9883237727C474A60052859D /* SearchResultsView.swift in Sources */,
				9883236427B8A51C0052859D /* DetailsPage.swift in Sources */,
				9883235D27B8A3330052859D /* AuthView.swift in Sources */,
				9883237F27C572D30052859D /* NoSearchResultsView.swift in Sources */,
				9883233127B8A2A90052859D /* FinalFoodiesApp.swift in Sources */,
			);
			runOnlyForDeploymentPostprocessing = 0;
		};
		9883233927B8A2A90052859D /* Sources */ = {
			isa = PBXSourcesBuildPhase;
			buildActionMask = 2147483647;
			files = (
				9883237127B999D00052859D /* AlertView.swift in Sources */,
				9883237827C474A60052859D /* SearchResultsView.swift in Sources */,
				9883237C27C571870052859D /* FavoritesResultsView.swift in Sources */,
				9883236927B8A59A0052859D /* NointernetView.swift in Sources */,
				9883238027C572D30052859D /* NoSearchResultsView.swift in Sources */,
				9883236D27B999220052859D /* SettingsView.swift in Sources */,
				9883234227B8A2A90052859D /* FinalFoodiesTests.swift in Sources */,
				9883236527B8A51C0052859D /* DetailsPage.swift in Sources */,
			);
			runOnlyForDeploymentPostprocessing = 0;
		};
		9883234327B8A2A90052859D /* Sources */ = {
			isa = PBXSourcesBuildPhase;
			buildActionMask = 2147483647;
			files = (
				9883236E27B999220052859D /* SettingsView.swift in Sources */,
				9883236A27B8A59A0052859D /* NointernetView.swift in Sources */,
				9883237927C474A60052859D /* SearchResultsView.swift in Sources */,
				9883238127C572D30052859D /* NoSearchResultsView.swift in Sources */,
				9883236627B8A51C0052859D /* DetailsPage.swift in Sources */,
				9883234C27B8A2A90052859D /* FinalFoodiesUITests.swift in Sources */,
				9883237D27C571870052859D /* FavoritesResultsView.swift in Sources */,
				9883234E27B8A2A90052859D /* FinalFoodiesUITestsLaunchTests.swift in Sources */,
				9883237227B999D00052859D /* AlertView.swift in Sources */,
			);
			runOnlyForDeploymentPostprocessing = 0;
		};
/* End PBXSourcesBuildPhase section */

/* Begin PBXTargetDependency section */
		9883233F27B8A2A90052859D /* PBXTargetDependency */ = {
			isa = PBXTargetDependency;
			target = 9883232C27B8A2A90052859D /* FinalFoodies */;
			targetProxy = 9883233E27B8A2A90052859D /* PBXContainerItemProxy */;
		};
		9883234927B8A2A90052859D /* PBXTargetDependency */ = {
			isa = PBXTargetDependency;
			target = 9883232C27B8A2A90052859D /* FinalFoodies */;
			targetProxy = 9883234827B8A2A90052859D /* PBXContainerItemProxy */;
		};
/* End PBXTargetDependency section */

/* Begin XCBuildConfiguration section */
		9883234F27B8A2A90052859D /* Debug */ = {
			isa = XCBuildConfiguration;
			buildSettings = {
				ALWAYS_SEARCH_USER_PATHS = NO;
				CLANG_ANALYZER_NONNULL = YES;
				CLANG_ANALYZER_NUMBER_OBJECT_CONVERSION = YES_AGGRESSIVE;
				CLANG_CXX_LANGUAGE_STANDARD = "gnu++17";
				CLANG_CXX_LIBRARY = "libc++";
				CLANG_ENABLE_MODULES = YES;
				CLANG_ENABLE_OBJC_ARC = YES;
				CLANG_ENABLE_OBJC_WEAK = YES;
				CLANG_WARN_BLOCK_CAPTURE_AUTORELEASING = YES;
				CLANG_WARN_BOOL_CONVERSION = YES;
				CLANG_WARN_COMMA = YES;
				CLANG_WARN_CONSTANT_CONVERSION = YES;
				CLANG_WARN_DEPRECATED_OBJC_IMPLEMENTATIONS = YES;
				CLANG_WARN_DIRECT_OBJC_ISA_USAGE = YES_ERROR;
				CLANG_WARN_DOCUMENTATION_COMMENTS = YES;
				CLANG_WARN_EMPTY_BODY = YES;
				CLANG_WARN_ENUM_CONVERSION = YES;
				CLANG_WARN_INFINITE_RECURSION = YES;
				CLANG_WARN_INT_CONVERSION = YES;
				CLANG_WARN_NON_LITERAL_NULL_CONVERSION = YES;
				CLANG_WARN_OBJC_IMPLICIT_RETAIN_SELF = YES;
				CLANG_WARN_OBJC_LITERAL_CONVERSION = YES;
				CLANG_WARN_OBJC_ROOT_CLASS = YES_ERROR;
				CLANG_WARN_QUOTED_INCLUDE_IN_FRAMEWORK_HEADER = YES;
				CLANG_WARN_RANGE_LOOP_ANALYSIS = YES;
				CLANG_WARN_STRICT_PROTOTYPES = YES;
				CLANG_WARN_SUSPICIOUS_MOVE = YES;
				CLANG_WARN_UNGUARDED_AVAILABILITY = YES_AGGRESSIVE;
				CLANG_WARN_UNREACHABLE_CODE = YES;
				CLANG_WARN__DUPLICATE_METHOD_MATCH = YES;
				COPY_PHASE_STRIP = NO;
				DEBUG_INFORMATION_FORMAT = dwarf;
				ENABLE_STRICT_OBJC_MSGSEND = YES;
				ENABLE_TESTABILITY = YES;
				GCC_C_LANGUAGE_STANDARD = gnu11;
				GCC_DYNAMIC_NO_PIC = NO;
				GCC_NO_COMMON_BLOCKS = YES;
				GCC_OPTIMIZATION_LEVEL = 0;
				GCC_PREPROCESSOR_DEFINITIONS = (
					"DEBUG=1",
					"$(inherited)",
				);
				GCC_WARN_64_TO_32_BIT_CONVERSION = YES;
				GCC_WARN_ABOUT_RETURN_TYPE = YES_ERROR;
				GCC_WARN_UNDECLARED_SELECTOR = YES;
				GCC_WARN_UNINITIALIZED_AUTOS = YES_AGGRESSIVE;
				GCC_WARN_UNUSED_FUNCTION = YES;
				GCC_WARN_UNUSED_VARIABLE = YES;
				IPHONEOS_DEPLOYMENT_TARGET = 15.2;
				MTL_ENABLE_DEBUG_INFO = INCLUDE_SOURCE;
				MTL_FAST_MATH = YES;
				ONLY_ACTIVE_ARCH = YES;
				SDKROOT = iphoneos;
				SWIFT_ACTIVE_COMPILATION_CONDITIONS = DEBUG;
				SWIFT_OPTIMIZATION_LEVEL = "-Onone";
			};
			name = Debug;
		};
		9883235027B8A2A90052859D /* Release */ = {
			isa = XCBuildConfiguration;
			buildSettings = {
				ALWAYS_SEARCH_USER_PATHS = NO;
				CLANG_ANALYZER_NONNULL = YES;
				CLANG_ANALYZER_NUMBER_OBJECT_CONVERSION = YES_AGGRESSIVE;
				CLANG_CXX_LANGUAGE_STANDARD = "gnu++17";
				CLANG_CXX_LIBRARY = "libc++";
				CLANG_ENABLE_MODULES = YES;
				CLANG_ENABLE_OBJC_ARC = YES;
				CLANG_ENABLE_OBJC_WEAK = YES;
				CLANG_WARN_BLOCK_CAPTURE_AUTORELEASING = YES;
				CLANG_WARN_BOOL_CONVERSION = YES;
				CLANG_WARN_COMMA = YES;
				CLANG_WARN_CONSTANT_CONVERSION = YES;
				CLANG_WARN_DEPRECATED_OBJC_IMPLEMENTATIONS = YES;
				CLANG_WARN_DIRECT_OBJC_ISA_USAGE = YES_ERROR;
				CLANG_WARN_DOCUMENTATION_COMMENTS = YES;
				CLANG_WARN_EMPTY_BODY = YES;
				CLANG_WARN_ENUM_CONVERSION = YES;
				CLANG_WARN_INFINITE_RECURSION = YES;
				CLANG_WARN_INT_CONVERSION = YES;
				CLANG_WARN_NON_LITERAL_NULL_CONVERSION = YES;
				CLANG_WARN_OBJC_IMPLICIT_RETAIN_SELF = YES;
				CLANG_WARN_OBJC_LITERAL_CONVERSION = YES;
				CLANG_WARN_OBJC_ROOT_CLASS = YES_ERROR;
				CLANG_WARN_QUOTED_INCLUDE_IN_FRAMEWORK_HEADER = YES;
				CLANG_WARN_RANGE_LOOP_ANALYSIS = YES;
				CLANG_WARN_STRICT_PROTOTYPES = YES;
				CLANG_WARN_SUSPICIOUS_MOVE = YES;
				CLANG_WARN_UNGUARDED_AVAILABILITY = YES_AGGRESSIVE;
				CLANG_WARN_UNREACHABLE_CODE = YES;
				CLANG_WARN__DUPLICATE_METHOD_MATCH = YES;
				COPY_PHASE_STRIP = NO;
				DEBUG_INFORMATION_FORMAT = "dwarf-with-dsym";
				ENABLE_NS_ASSERTIONS = NO;
				ENABLE_STRICT_OBJC_MSGSEND = YES;
				GCC_C_LANGUAGE_STANDARD = gnu11;
				GCC_NO_COMMON_BLOCKS = YES;
				GCC_WARN_64_TO_32_BIT_CONVERSION = YES;
				GCC_WARN_ABOUT_RETURN_TYPE = YES_ERROR;
				GCC_WARN_UNDECLARED_SELECTOR = YES;
				GCC_WARN_UNINITIALIZED_AUTOS = YES_AGGRESSIVE;
				GCC_WARN_UNUSED_FUNCTION = YES;
				GCC_WARN_UNUSED_VARIABLE = YES;
				IPHONEOS_DEPLOYMENT_TARGET = 15.2;
				MTL_ENABLE_DEBUG_INFO = NO;
				MTL_FAST_MATH = YES;
				SDKROOT = iphoneos;
				SWIFT_COMPILATION_MODE = wholemodule;
				SWIFT_OPTIMIZATION_LEVEL = "-O";
				VALIDATE_PRODUCT = YES;
			};
			name = Release;
		};
		9883235227B8A2A90052859D /* Debug */ = {
			isa = XCBuildConfiguration;
			buildSettings = {
				ASSETCATALOG_COMPILER_APPICON_NAME = AppIcon;
				ASSETCATALOG_COMPILER_GLOBAL_ACCENT_COLOR_NAME = AccentColor;
				CODE_SIGN_STYLE = Automatic;
				CURRENT_PROJECT_VERSION = 1;
				DEVELOPMENT_ASSET_PATHS = "\"FinalFoodies/Preview Content\"";
				DEVELOPMENT_TEAM = 8QHSLQU2WK;
				ENABLE_PREVIEWS = YES;
				GENERATE_INFOPLIST_FILE = YES;
				INFOPLIST_KEY_UIApplicationSceneManifest_Generation = YES;
				INFOPLIST_KEY_UIApplicationSupportsIndirectInputEvents = YES;
				INFOPLIST_KEY_UILaunchScreen_Generation = YES;
				INFOPLIST_KEY_UISupportedInterfaceOrientations_iPad = "UIInterfaceOrientationPortrait UIInterfaceOrientationPortraitUpsideDown UIInterfaceOrientationLandscapeLeft UIInterfaceOrientationLandscapeRight";
				INFOPLIST_KEY_UISupportedInterfaceOrientations_iPhone = "UIInterfaceOrientationPortrait UIInterfaceOrientationLandscapeLeft UIInterfaceOrientationLandscapeRight";
				LD_RUNPATH_SEARCH_PATHS = (
					"$(inherited)",
					"@executable_path/Frameworks",
				);
				MARKETING_VERSION = 1.0;
				PRODUCT_BUNDLE_IDENTIFIER = com.essentialdeveloper.FinalFoodies;
				PRODUCT_NAME = "$(TARGET_NAME)";
				SWIFT_EMIT_LOC_STRINGS = YES;
				SWIFT_VERSION = 5.0;
				TARGETED_DEVICE_FAMILY = "1,2";
			};
			name = Debug;
		};
		9883235327B8A2A90052859D /* Release */ = {
			isa = XCBuildConfiguration;
			buildSettings = {
				ASSETCATALOG_COMPILER_APPICON_NAME = AppIcon;
				ASSETCATALOG_COMPILER_GLOBAL_ACCENT_COLOR_NAME = AccentColor;
				CODE_SIGN_STYLE = Automatic;
				CURRENT_PROJECT_VERSION = 1;
				DEVELOPMENT_ASSET_PATHS = "\"FinalFoodies/Preview Content\"";
				DEVELOPMENT_TEAM = 8QHSLQU2WK;
				ENABLE_PREVIEWS = YES;
				GENERATE_INFOPLIST_FILE = YES;
				INFOPLIST_KEY_UIApplicationSceneManifest_Generation = YES;
				INFOPLIST_KEY_UIApplicationSupportsIndirectInputEvents = YES;
				INFOPLIST_KEY_UILaunchScreen_Generation = YES;
				INFOPLIST_KEY_UISupportedInterfaceOrientations_iPad = "UIInterfaceOrientationPortrait UIInterfaceOrientationPortraitUpsideDown UIInterfaceOrientationLandscapeLeft UIInterfaceOrientationLandscapeRight";
				INFOPLIST_KEY_UISupportedInterfaceOrientations_iPhone = "UIInterfaceOrientationPortrait UIInterfaceOrientationLandscapeLeft UIInterfaceOrientationLandscapeRight";
				LD_RUNPATH_SEARCH_PATHS = (
					"$(inherited)",
					"@executable_path/Frameworks",
				);
				MARKETING_VERSION = 1.0;
				PRODUCT_BUNDLE_IDENTIFIER = com.essentialdeveloper.FinalFoodies;
				PRODUCT_NAME = "$(TARGET_NAME)";
				SWIFT_EMIT_LOC_STRINGS = YES;
				SWIFT_VERSION = 5.0;
				TARGETED_DEVICE_FAMILY = "1,2";
			};
			name = Release;
		};
		9883235527B8A2A90052859D /* Debug */ = {
			isa = XCBuildConfiguration;
			buildSettings = {
				ALWAYS_EMBED_SWIFT_STANDARD_LIBRARIES = YES;
				BUNDLE_LOADER = "$(TEST_HOST)";
				CODE_SIGN_STYLE = Automatic;
				CURRENT_PROJECT_VERSION = 1;
				DEVELOPMENT_TEAM = 8QHSLQU2WK;
				GENERATE_INFOPLIST_FILE = YES;
				IPHONEOS_DEPLOYMENT_TARGET = 15.2;
				MARKETING_VERSION = 1.0;
				PRODUCT_BUNDLE_IDENTIFIER = com.essentialdeveloper.FinalFoodiesTests;
				PRODUCT_NAME = "$(TARGET_NAME)";
				SWIFT_EMIT_LOC_STRINGS = NO;
				SWIFT_VERSION = 5.0;
				TARGETED_DEVICE_FAMILY = "1,2";
				TEST_HOST = "$(BUILT_PRODUCTS_DIR)/FinalFoodies.app/FinalFoodies";
			};
			name = Debug;
		};
		9883235627B8A2A90052859D /* Release */ = {
			isa = XCBuildConfiguration;
			buildSettings = {
				ALWAYS_EMBED_SWIFT_STANDARD_LIBRARIES = YES;
				BUNDLE_LOADER = "$(TEST_HOST)";
				CODE_SIGN_STYLE = Automatic;
				CURRENT_PROJECT_VERSION = 1;
				DEVELOPMENT_TEAM = 8QHSLQU2WK;
				GENERATE_INFOPLIST_FILE = YES;
				IPHONEOS_DEPLOYMENT_TARGET = 15.2;
				MARKETING_VERSION = 1.0;
				PRODUCT_BUNDLE_IDENTIFIER = com.essentialdeveloper.FinalFoodiesTests;
				PRODUCT_NAME = "$(TARGET_NAME)";
				SWIFT_EMIT_LOC_STRINGS = NO;
				SWIFT_VERSION = 5.0;
				TARGETED_DEVICE_FAMILY = "1,2";
				TEST_HOST = "$(BUILT_PRODUCTS_DIR)/FinalFoodies.app/FinalFoodies";
			};
			name = Release;
		};
		9883235827B8A2A90052859D /* Debug */ = {
			isa = XCBuildConfiguration;
			buildSettings = {
				ALWAYS_EMBED_SWIFT_STANDARD_LIBRARIES = YES;
				CODE_SIGN_STYLE = Automatic;
				CURRENT_PROJECT_VERSION = 1;
				DEVELOPMENT_TEAM = 8QHSLQU2WK;
				GENERATE_INFOPLIST_FILE = YES;
				MARKETING_VERSION = 1.0;
				PRODUCT_BUNDLE_IDENTIFIER = com.essentialdeveloper.FinalFoodiesUITests;
				PRODUCT_NAME = "$(TARGET_NAME)";
				SWIFT_EMIT_LOC_STRINGS = NO;
				SWIFT_VERSION = 5.0;
				TARGETED_DEVICE_FAMILY = "1,2";
				TEST_TARGET_NAME = FinalFoodies;
			};
			name = Debug;
		};
		9883235927B8A2A90052859D /* Release */ = {
			isa = XCBuildConfiguration;
			buildSettings = {
				ALWAYS_EMBED_SWIFT_STANDARD_LIBRARIES = YES;
				CODE_SIGN_STYLE = Automatic;
				CURRENT_PROJECT_VERSION = 1;
				DEVELOPMENT_TEAM = 8QHSLQU2WK;
				GENERATE_INFOPLIST_FILE = YES;
				MARKETING_VERSION = 1.0;
				PRODUCT_BUNDLE_IDENTIFIER = com.essentialdeveloper.FinalFoodiesUITests;
				PRODUCT_NAME = "$(TARGET_NAME)";
				SWIFT_EMIT_LOC_STRINGS = NO;
				SWIFT_VERSION = 5.0;
				TARGETED_DEVICE_FAMILY = "1,2";
				TEST_TARGET_NAME = FinalFoodies;
			};
			name = Release;
		};
/* End XCBuildConfiguration section */

/* Begin XCConfigurationList section */
		9883232827B8A2A90052859D /* Build configuration list for PBXProject "FinalFoodies" */ = {
			isa = XCConfigurationList;
			buildConfigurations = (
				9883234F27B8A2A90052859D /* Debug */,
				9883235027B8A2A90052859D /* Release */,
			);
			defaultConfigurationIsVisible = 0;
			defaultConfigurationName = Release;
		};
		9883235127B8A2A90052859D /* Build configuration list for PBXNativeTarget "FinalFoodies" */ = {
			isa = XCConfigurationList;
			buildConfigurations = (
				9883235227B8A2A90052859D /* Debug */,
				9883235327B8A2A90052859D /* Release */,
			);
			defaultConfigurationIsVisible = 0;
			defaultConfigurationName = Release;
		};
		9883235427B8A2A90052859D /* Build configuration list for PBXNativeTarget "FinalFoodiesTests" */ = {
			isa = XCConfigurationList;
			buildConfigurations = (
				9883235527B8A2A90052859D /* Debug */,
				9883235627B8A2A90052859D /* Release */,
			);
			defaultConfigurationIsVisible = 0;
			defaultConfigurationName = Release;
		};
		9883235727B8A2A90052859D /* Build configuration list for PBXNativeTarget "FinalFoodiesUITests" */ = {
			isa = XCConfigurationList;
			buildConfigurations = (
				9883235827B8A2A90052859D /* Debug */,
				9883235927B8A2A90052859D /* Release */,
			);
			defaultConfigurationIsVisible = 0;
			defaultConfigurationName = Release;
		};
/* End XCConfigurationList section */
	};
	rootObject = 9883232527B8A2A90052859D /* Project object */;
}
